
Microsoft Visual Studio Solution File, Format Version 11.00
# Visual Studio 10
VisualStudioVersion = 15.0.28010.0
MinimumVisualStudioVersion = 10.0.40219.1
Project("{FAE04EC0-301F-11D3-BF4B-00C04F79EFBC}") = "MCSUI", "MCSUI\MCSUI.csproj", "{58619608-E6C8-4E5C-84D2-5B0950C9103F}"
EndProject
Global
	GlobalSection(SolutionConfigurationPlatforms) = preSolution
		Debug|Any CPU = Debug|Any CPU
		Release|Any CPU = Release|Any CPU
	EndGlobalSection
	GlobalSection(ProjectConfigurationPlatforms) = postSolution
		{58619608-E6C8-4E5C-84D2-5B0950C9103F}.Debug|Any CPU.ActiveCfg = Debug|Any CPU
		{58619608-E6C8-4E5C-84D2-5B0950C9103F}.Debug|Any CPU.Build.0 = Debug|Any CPU
		{58619608-E6C8-4E5C-84D2-5B0950C9103F}.Release|Any CPU.ActiveCfg = Release|Any CPU
		{58619608-E6C8-4E5C-84D2-5B0950C9103F}.Release|Any CPU.Build.0 = Release|Any CPU
	EndGlobalSection
	GlobalSection(SolutionProperties) = preSolution
		HideSolutionNode = FALSE
	EndGlobalSection
	GlobalSection(ExtensibilityGlobals) = postSolution
		SolutionGuid = {AC7E6ABA-06A3-48D7-8564-3D670D43E15D}
	EndGlobalSection
EndGlobal
